
Microsoft Visual Studio Solution File, Format Version 12.00
# Visual Studio Version 17
VisualStudioVersion = 17.14.36408.4
MinimumVisualStudioVersion = 10.0.40219.1
Project("{FAE04EC0-301F-11D3-BF4B-00C04F79EFBC}") = "Project1", "Project1.csproj", "{02A8D286-17B9-4356-BA59-2A7AC5D2F493}"
EndProject
Global
	GlobalSection(SolutionConfigurationPlatforms) = preSolution
		Debug|Any CPU = Debug|Any CPU
		Release|Any CPU = Release|Any CPU
	EndGlobalSection
	GlobalSection(ProjectConfigurationPlatforms) = postSolution
		{02A8D286-17B9-4356-BA59-2A7AC5D2F493}.Debug|Any CPU.ActiveCfg = Debug|Any CPU
		{02A8D286-17B9-4356-BA59-2A7AC5D2F493}.Debug|Any CPU.Build.0 = Debug|Any CPU
		{02A8D286-17B9-4356-BA59-2A7AC5D2F493}.Release|Any CPU.ActiveCfg = Release|Any CPU
		{02A8D286-17B9-4356-BA59-2A7AC5D2F493}.Release|Any CPU.Build.0 = Release|Any CPU
	EndGlobalSection
	GlobalSection(SolutionProperties) = preSolution
		HideSolutionNode = FALSE
	EndGlobalSection
	GlobalSection(ExtensibilityGlobals) = postSolution
		SolutionGuid = {AAF8587B-1169-4250-85BE-533F8AE63EE4}
	EndGlobalSection
EndGlobal
